// !$*UTF8*$!
{
	archiveVersion = 1;
	classes = {
	};
	objectVersion = 46;
	objects = {

/* Begin PBXBuildFile section */
		65099CAD1CB1BED70008B1EF /* Conjugate.swift in Sources */ = {isa = PBXBuildFile; fileRef = 65099CAC1CB1BED70008B1EF /* Conjugate.swift */; };
		65435DAE1CA626E6007ACE69 /* AppDelegate.swift in Sources */ = {isa = PBXBuildFile; fileRef = 65435DAD1CA626E6007ACE69 /* AppDelegate.swift */; };
		65435DB01CA626E6007ACE69 /* MainViewController.swift in Sources */ = {isa = PBXBuildFile; fileRef = 65435DAF1CA626E6007ACE69 /* MainViewController.swift */; };
		65435DB21CA626E6007ACE69 /* PerfectTensesVC.swift in Sources */ = {isa = PBXBuildFile; fileRef = 65435DB11CA626E6007ACE69 /* PerfectTensesVC.swift */; };
		65435DB51CA626E6007ACE69 /* Main.storyboard in Resources */ = {isa = PBXBuildFile; fileRef = 65435DB31CA626E6007ACE69 /* Main.storyboard */; };
		65435DB71CA626E6007ACE69 /* Assets.xcassets in Resources */ = {isa = PBXBuildFile; fileRef = 65435DB61CA626E6007ACE69 /* Assets.xcassets */; };
		65435DBA1CA626E6007ACE69 /* LaunchScreen.storyboard in Resources */ = {isa = PBXBuildFile; fileRef = 65435DB81CA626E6007ACE69 /* LaunchScreen.storyboard */; };
		657BEDA61D172731008FE5BB /* LearnViewController.swift in Sources */ = {isa = PBXBuildFile; fileRef = 657BEDA51D172731008FE5BB /* LearnViewController.swift */; };
		65CBB39B1D1224010068DE40 /* Verbs.swift in Sources */ = {isa = PBXBuildFile; fileRef = 65CBB39A1D1224010068DE40 /* Verbs.swift */; };
		65D7E5241CC340C800068DF0 /* ConjugatePerfect.swift in Sources */ = {isa = PBXBuildFile; fileRef = 65D7E5231CC340C800068DF0 /* ConjugatePerfect.swift */; };
		65D7E5261CC3417F00068DF0 /* ConjugateMore.swift in Sources */ = {isa = PBXBuildFile; fileRef = 65D7E5251CC3417F00068DF0 /* ConjugateMore.swift */; };
		65E0BC121CC5F6DA00EC6200 /* MoreTensesVC.swift in Sources */ = {isa = PBXBuildFile; fileRef = 65E0BC111CC5F6DA00EC6200 /* MoreTensesVC.swift */; };
		65EBC4AE1CAF8D9200A3DE17 /* CustomCell.swift in Sources */ = {isa = PBXBuildFile; fileRef = 65EBC4AD1CAF8D9200A3DE17 /* CustomCell.swift */; };
/* End PBXBuildFile section */

/* Begin PBXContainerItemProxy section */
		65435DC11CA626E6007ACE69 /* PBXContainerItemProxy */ = {
			isa = PBXContainerItemProxy;
			containerPortal = 65435DA21CA626E6007ACE69 /* Project object */;
			proxyType = 1;
			remoteGlobalIDString = 65435DA91CA626E6007ACE69;
			remoteInfo = Conjugation;
		};
		65435DCC1CA626E7007ACE69 /* PBXContainerItemProxy */ = {
			isa = PBXContainerItemProxy;
			containerPortal = 65435DA21CA626E6007ACE69 /* Project object */;
			proxyType = 1;
			remoteGlobalIDString = 65435DA91CA626E6007ACE69;
			remoteInfo = Conjugation;
		};
/* End PBXContainerItemProxy section */

/* Begin PBXFileReference section */
		65099CAC1CB1BED70008B1EF /* Conjugate.swift */ = {isa = PBXFileReference; fileEncoding = 4; lastKnownFileType = sourcecode.swift; path = Conjugate.swift; sourceTree = "<group>"; };
		65435DAA1CA626E6007ACE69 /* Conjugation.app */ = {isa = PBXFileReference; explicitFileType = wrapper.application; includeInIndex = 0; path = Conjugation.app; sourceTree = BUILT_PRODUCTS_DIR; };
		65435DAD1CA626E6007ACE69 /* AppDelegate.swift */ = {isa = PBXFileReference; lastKnownFileType = sourcecode.swift; path = AppDelegate.swift; sourceTree = "<group>"; };
		65435DAF1CA626E6007ACE69 /* MainViewController.swift */ = {isa = PBXFileReference; lastKnownFileType = sourcecode.swift; path = MainViewController.swift; sourceTree = "<group>"; };
		65435DB11CA626E6007ACE69 /* PerfectTensesVC.swift */ = {isa = PBXFileReference; lastKnownFileType = sourcecode.swift; path = PerfectTensesVC.swift; sourceTree = "<group>"; };
		65435DB41CA626E6007ACE69 /* Base */ = {isa = PBXFileReference; lastKnownFileType = file.storyboard; name = Base; path = Base.lproj/Main.storyboard; sourceTree = "<group>"; };
		65435DB61CA626E6007ACE69 /* Assets.xcassets */ = {isa = PBXFileReference; lastKnownFileType = folder.assetcatalog; path = Assets.xcassets; sourceTree = "<group>"; };
		65435DB91CA626E6007ACE69 /* Base */ = {isa = PBXFileReference; lastKnownFileType = file.storyboard; name = Base; path = Base.lproj/LaunchScreen.storyboard; sourceTree = "<group>"; };
		65435DBB1CA626E6007ACE69 /* Info.plist */ = {isa = PBXFileReference; lastKnownFileType = text.plist.xml; path = Info.plist; sourceTree = "<group>"; };
		65435DC01CA626E6007ACE69 /* ConjugationTests.xctest */ = {isa = PBXFileReference; explicitFileType = wrapper.cfbundle; includeInIndex = 0; path = ConjugationTests.xctest; sourceTree = BUILT_PRODUCTS_DIR; };
		65435DCB1CA626E7007ACE69 /* ConjugationUITests.xctest */ = {isa = PBXFileReference; explicitFileType = wrapper.cfbundle; includeInIndex = 0; path = ConjugationUITests.xctest; sourceTree = BUILT_PRODUCTS_DIR; };
		657BEDA51D172731008FE5BB /* LearnViewController.swift */ = {isa = PBXFileReference; fileEncoding = 4; lastKnownFileType = sourcecode.swift; path = LearnViewController.swift; sourceTree = "<group>"; };
		65CBB39A1D1224010068DE40 /* Verbs.swift */ = {isa = PBXFileReference; fileEncoding = 4; lastKnownFileType = sourcecode.swift; path = Verbs.swift; sourceTree = "<group>"; };
		65D7E5231CC340C800068DF0 /* ConjugatePerfect.swift */ = {isa = PBXFileReference; fileEncoding = 4; lastKnownFileType = sourcecode.swift; path = ConjugatePerfect.swift; sourceTree = "<group>"; };
		65D7E5251CC3417F00068DF0 /* ConjugateMore.swift */ = {isa = PBXFileReference; fileEncoding = 4; lastKnownFileType = sourcecode.swift; path = ConjugateMore.swift; sourceTree = "<group>"; };
		65E0BC111CC5F6DA00EC6200 /* MoreTensesVC.swift */ = {isa = PBXFileReference; fileEncoding = 4; lastKnownFileType = sourcecode.swift; path = MoreTensesVC.swift; sourceTree = "<group>"; };
		65EBC4AD1CAF8D9200A3DE17 /* CustomCell.swift */ = {isa = PBXFileReference; fileEncoding = 4; lastKnownFileType = sourcecode.swift; path = CustomCell.swift; sourceTree = "<group>"; };
/* End PBXFileReference section */

/* Begin PBXFrameworksBuildPhase section */
		65435DA71CA626E6007ACE69 /* Frameworks */ = {
			isa = PBXFrameworksBuildPhase;
			buildActionMask = 2147483647;
			files = (
			);
			runOnlyForDeploymentPostprocessing = 0;
		};
		65435DBD1CA626E6007ACE69 /* Frameworks */ = {
			isa = PBXFrameworksBuildPhase;
			buildActionMask = 2147483647;
			files = (
			);
			runOnlyForDeploymentPostprocessing = 0;
		};
		65435DC81CA626E7007ACE69 /* Frameworks */ = {
			isa = PBXFrameworksBuildPhase;
			buildActionMask = 2147483647;
			files = (
			);
			runOnlyForDeploymentPostprocessing = 0;
		};
/* End PBXFrameworksBuildPhase section */

/* Begin PBXGroup section */
		65435DA11CA626E6007ACE69 = {
			isa = PBXGroup;
			children = (
				65435DAC1CA626E6007ACE69 /* Conjugation */,
				65435DAB1CA626E6007ACE69 /* Products */,
			);
			sourceTree = "<group>";
		};
		65435DAB1CA626E6007ACE69 /* Products */ = {
			isa = PBXGroup;
			children = (
				65435DAA1CA626E6007ACE69 /* Conjugation.app */,
				65435DC01CA626E6007ACE69 /* ConjugationTests.xctest */,
				65435DCB1CA626E7007ACE69 /* ConjugationUITests.xctest */,
			);
			name = Products;
			sourceTree = "<group>";
		};
		65435DAC1CA626E6007ACE69 /* Conjugation */ = {
			isa = PBXGroup;
			children = (
				65435DBB1CA626E6007ACE69 /* Info.plist */,
				65435DAD1CA626E6007ACE69 /* AppDelegate.swift */,
				65CBB3941D12202A0068DE40 /* Assets */,
				65CBB3961D1220710068DE40 /* Model */,
				65CBB3951D1220470068DE40 /* Controllers */,
			);
			path = Conjugation;
			sourceTree = "<group>";
		};
		65CBB3941D12202A0068DE40 /* Assets */ = {
			isa = PBXGroup;
			children = (
				65435DB31CA626E6007ACE69 /* Main.storyboard */,
				65435DB61CA626E6007ACE69 /* Assets.xcassets */,
				65435DB81CA626E6007ACE69 /* LaunchScreen.storyboard */,
			);
			name = Assets;
			sourceTree = "<group>";
		};
		65CBB3951D1220470068DE40 /* Controllers */ = {
			isa = PBXGroup;
			children = (
				65435DAF1CA626E6007ACE69 /* MainViewController.swift */,
				65435DB11CA626E6007ACE69 /* PerfectTensesVC.swift */,
				65E0BC111CC5F6DA00EC6200 /* MoreTensesVC.swift */,
				65EBC4AD1CAF8D9200A3DE17 /* CustomCell.swift */,
				657BEDA51D172731008FE5BB /* LearnViewController.swift */,
			);
			name = Controllers;
			sourceTree = "<group>";
		};
		65CBB3961D1220710068DE40 /* Model */ = {
			isa = PBXGroup;
			children = (
				65099CAC1CB1BED70008B1EF /* Conjugate.swift */,
				65D7E5231CC340C800068DF0 /* ConjugatePerfect.swift */,
				65D7E5251CC3417F00068DF0 /* ConjugateMore.swift */,
				65CBB39A1D1224010068DE40 /* Verbs.swift */,
			);
			name = Model;
			sourceTree = "<group>";
		};
/* End PBXGroup section */

/* Begin PBXNativeTarget section */
		65435DA91CA626E6007ACE69 /* Conjugation */ = {
			isa = PBXNativeTarget;
			buildConfigurationList = 65435DD41CA626E7007ACE69 /* Build configuration list for PBXNativeTarget "Conjugation" */;
			buildPhases = (
				65435DA61CA626E6007ACE69 /* Sources */,
				65435DA71CA626E6007ACE69 /* Frameworks */,
				65435DA81CA626E6007ACE69 /* Resources */,
			);
			buildRules = (
			);
			dependencies = (
			);
			name = Conjugation;
			productName = Conjugation;
			productReference = 65435DAA1CA626E6007ACE69 /* Conjugation.app */;
			productType = "com.apple.product-type.application";
		};
		65435DBF1CA626E6007ACE69 /* ConjugationTests */ = {
			isa = PBXNativeTarget;
			buildConfigurationList = 65435DD71CA626E7007ACE69 /* Build configuration list for PBXNativeTarget "ConjugationTests" */;
			buildPhases = (
				65435DBC1CA626E6007ACE69 /* Sources */,
				65435DBD1CA626E6007ACE69 /* Frameworks */,
				65435DBE1CA626E6007ACE69 /* Resources */,
			);
			buildRules = (
			);
			dependencies = (
				65435DC21CA626E6007ACE69 /* PBXTargetDependency */,
			);
			name = ConjugationTests;
			productName = ConjugationTests;
			productReference = 65435DC01CA626E6007ACE69 /* ConjugationTests.xctest */;
			productType = "com.apple.product-type.bundle.unit-test";
		};
		65435DCA1CA626E7007ACE69 /* ConjugationUITests */ = {
			isa = PBXNativeTarget;
			buildConfigurationList = 65435DDA1CA626E7007ACE69 /* Build configuration list for PBXNativeTarget "ConjugationUITests" */;
			buildPhases = (
				65435DC71CA626E7007ACE69 /* Sources */,
				65435DC81CA626E7007ACE69 /* Frameworks */,
				65435DC91CA626E7007ACE69 /* Resources */,
			);
			buildRules = (
			);
			dependencies = (
				65435DCD1CA626E7007ACE69 /* PBXTargetDependency */,
			);
			name = ConjugationUITests;
			productName = ConjugationUITests;
			productReference = 65435DCB1CA626E7007ACE69 /* ConjugationUITests.xctest */;
			productType = "com.apple.product-type.bundle.ui-testing";
		};
/* End PBXNativeTarget section */

/* Begin PBXProject section */
		65435DA21CA626E6007ACE69 /* Project object */ = {
			isa = PBXProject;
			attributes = {
				LastSwiftUpdateCheck = 0730;
				LastUpgradeCheck = 0900;
				ORGANIZATIONNAME = "Wasim Sandhu";
				TargetAttributes = {
					65435DA91CA626E6007ACE69 = {
						CreatedOnToolsVersion = 7.3;
						DevelopmentTeam = 69W23TSYRN;
						LastSwiftMigration = 0900;
					};
					65435DBF1CA626E6007ACE69 = {
						CreatedOnToolsVersion = 7.3;
						DevelopmentTeam = 69W23TSYRN;
						LastSwiftMigration = 0800;
						TestTargetID = 65435DA91CA626E6007ACE69;
					};
					65435DCA1CA626E7007ACE69 = {
						CreatedOnToolsVersion = 7.3;
						DevelopmentTeam = 69W23TSYRN;
						LastSwiftMigration = 0800;
						TestTargetID = 65435DA91CA626E6007ACE69;
					};
				};
			};
			buildConfigurationList = 65435DA51CA626E6007ACE69 /* Build configuration list for PBXProject "Conjugation" */;
			compatibilityVersion = "Xcode 3.2";
			developmentRegion = English;
			hasScannedForEncodings = 0;
			knownRegions = (
				en,
				Base,
			);
			mainGroup = 65435DA11CA626E6007ACE69;
			productRefGroup = 65435DAB1CA626E6007ACE69 /* Products */;
			projectDirPath = "";
			projectRoot = "";
			targets = (
				65435DA91CA626E6007ACE69 /* Conjugation */,
				65435DBF1CA626E6007ACE69 /* ConjugationTests */,
				65435DCA1CA626E7007ACE69 /* ConjugationUITests */,
			);
		};
/* End PBXProject section */

/* Begin PBXResourcesBuildPhase section */
		65435DA81CA626E6007ACE69 /* Resources */ = {
			isa = PBXResourcesBuildPhase;
			buildActionMask = 2147483647;
			files = (
				65435DBA1CA626E6007ACE69 /* LaunchScreen.storyboard in Resources */,
				65435DB71CA626E6007ACE69 /* Assets.xcassets in Resources */,
				65435DB51CA626E6007ACE69 /* Main.storyboard in Resources */,
			);
			runOnlyForDeploymentPostprocessing = 0;
		};
		65435DBE1CA626E6007ACE69 /* Resources */ = {
			isa = PBXResourcesBuildPhase;
			buildActionMask = 2147483647;
			files = (
			);
			runOnlyForDeploymentPostprocessing = 0;
		};
		65435DC91CA626E7007ACE69 /* Resources */ = {
			isa = PBXResourcesBuildPhase;
			buildActionMask = 2147483647;
			files = (
			);
			runOnlyForDeploymentPostprocessing = 0;
		};
/* End PBXResourcesBuildPhase section */

/* Begin PBXSourcesBuildPhase section */
		65435DA61CA626E6007ACE69 /* Sources */ = {
			isa = PBXSourcesBuildPhase;
			buildActionMask = 2147483647;
			files = (
				65099CAD1CB1BED70008B1EF /* Conjugate.swift in Sources */,
				65D7E5261CC3417F00068DF0 /* ConjugateMore.swift in Sources */,
				65D7E5241CC340C800068DF0 /* ConjugatePerfect.swift in Sources */,
				65E0BC121CC5F6DA00EC6200 /* MoreTensesVC.swift in Sources */,
				65435DB21CA626E6007ACE69 /* PerfectTensesVC.swift in Sources */,
				657BEDA61D172731008FE5BB /* LearnViewController.swift in Sources */,
				65CBB39B1D1224010068DE40 /* Verbs.swift in Sources */,
				65435DAE1CA626E6007ACE69 /* AppDelegate.swift in Sources */,
				65EBC4AE1CAF8D9200A3DE17 /* CustomCell.swift in Sources */,
				65435DB01CA626E6007ACE69 /* MainViewController.swift in Sources */,
			);
			runOnlyForDeploymentPostprocessing = 0;
		};
		65435DBC1CA626E6007ACE69 /* Sources */ = {
			isa = PBXSourcesBuildPhase;
			buildActionMask = 2147483647;
			files = (
			);
			runOnlyForDeploymentPostprocessing = 0;
		};
		65435DC71CA626E7007ACE69 /* Sources */ = {
			isa = PBXSourcesBuildPhase;
			buildActionMask = 2147483647;
			files = (
			);
			runOnlyForDeploymentPostprocessing = 0;
		};
/* End PBXSourcesBuildPhase section */

/* Begin PBXTargetDependency section */
		65435DC21CA626E6007ACE69 /* PBXTargetDependency */ = {
			isa = PBXTargetDependency;
			target = 65435DA91CA626E6007ACE69 /* Conjugation */;
			targetProxy = 65435DC11CA626E6007ACE69 /* PBXContainerItemProxy */;
		};
		65435DCD1CA626E7007ACE69 /* PBXTargetDependency */ = {
			isa = PBXTargetDependency;
			target = 65435DA91CA626E6007ACE69 /* Conjugation */;
			targetProxy = 65435DCC1CA626E7007ACE69 /* PBXContainerItemProxy */;
		};
/* End PBXTargetDependency section */

/* Begin PBXVariantGroup section */
		65435DB31CA626E6007ACE69 /* Main.storyboard */ = {
			isa = PBXVariantGroup;
			children = (
				65435DB41CA626E6007ACE69 /* Base */,
			);
			name = Main.storyboard;
			sourceTree = "<group>";
		};
		65435DB81CA626E6007ACE69 /* LaunchScreen.storyboard */ = {
			isa = PBXVariantGroup;
			children = (
				65435DB91CA626E6007ACE69 /* Base */,
			);
			name = LaunchScreen.storyboard;
			sourceTree = "<group>";
		};
/* End PBXVariantGroup section */

/* Begin XCBuildConfiguration section */
		65435DD21CA626E7007ACE69 /* Debug */ = {
			isa = XCBuildConfiguration;
			buildSettings = {
				ALWAYS_SEARCH_USER_PATHS = NO;
				CLANG_ANALYZER_NONNULL = YES;
				CLANG_CXX_LANGUAGE_STANDARD = "gnu++0x";
				CLANG_CXX_LIBRARY = "libc++";
				CLANG_ENABLE_MODULES = YES;
				CLANG_ENABLE_OBJC_ARC = YES;
				CLANG_WARN_BLOCK_CAPTURE_AUTORELEASING = YES;
				CLANG_WARN_BOOL_CONVERSION = YES;
				CLANG_WARN_COMMA = YES;
				CLANG_WARN_CONSTANT_CONVERSION = YES;
				CLANG_WARN_DIRECT_OBJC_ISA_USAGE = YES_ERROR;
				CLANG_WARN_EMPTY_BODY = YES;
				CLANG_WARN_ENUM_CONVERSION = YES;
				CLANG_WARN_INFINITE_RECURSION = YES;
				CLANG_WARN_INT_CONVERSION = YES;
				CLANG_WARN_NON_LITERAL_NULL_CONVERSION = YES;
				CLANG_WARN_OBJC_LITERAL_CONVERSION = YES;
				CLANG_WARN_OBJC_ROOT_CLASS = YES_ERROR;
				CLANG_WARN_RANGE_LOOP_ANALYSIS = YES;
				CLANG_WARN_STRICT_PROTOTYPES = YES;
				CLANG_WARN_SUSPICIOUS_MOVE = YES;
				CLANG_WARN_UNREACHABLE_CODE = YES;
				CLANG_WARN__DUPLICATE_METHOD_MATCH = YES;
				"CODE_SIGN_IDENTITY[sdk=iphoneos*]" = "iPhone Developer";
				COPY_PHASE_STRIP = NO;
				DEBUG_INFORMATION_FORMAT = dwarf;
				ENABLE_STRICT_OBJC_MSGSEND = YES;
				ENABLE_TESTABILITY = YES;
				GCC_C_LANGUAGE_STANDARD = gnu99;
				GCC_DYNAMIC_NO_PIC = NO;
				GCC_NO_COMMON_BLOCKS = YES;
				GCC_OPTIMIZATION_LEVEL = 0;
				GCC_PREPROCESSOR_DEFINITIONS = (
					"DEBUG=1",
					"$(inherited)",
				);
				GCC_WARN_64_TO_32_BIT_CONVERSION = YES;
				GCC_WARN_ABOUT_RETURN_TYPE = YES_ERROR;
				GCC_WARN_UNDECLARED_SELECTOR = YES;
				GCC_WARN_UNINITIALIZED_AUTOS = YES_AGGRESSIVE;
				GCC_WARN_UNUSED_FUNCTION = YES;
				GCC_WARN_UNUSED_VARIABLE = YES;
				IPHONEOS_DEPLOYMENT_TARGET = 9.3;
				MTL_ENABLE_DEBUG_INFO = YES;
				ONLY_ACTIVE_ARCH = YES;
				SDKROOT = iphoneos;
				SWIFT_OPTIMIZATION_LEVEL = "-Onone";
			};
			name = Debug;
		};
		65435DD31CA626E7007ACE69 /* Release */ = {
			isa = XCBuildConfiguration;
			buildSettings = {
				ALWAYS_SEARCH_USER_PATHS = NO;
				CLANG_ANALYZER_NONNULL = YES;
				CLANG_CXX_LANGUAGE_STANDARD = "gnu++0x";
				CLANG_CXX_LIBRARY = "libc++";
				CLANG_ENABLE_MODULES = YES;
				CLANG_ENABLE_OBJC_ARC = YES;
				CLANG_WARN_BLOCK_CAPTURE_AUTORELEASING = YES;
				CLANG_WARN_BOOL_CONVERSION = YES;
				CLANG_WARN_COMMA = YES;
				CLANG_WARN_CONSTANT_CONVERSION = YES;
				CLANG_WARN_DIRECT_OBJC_ISA_USAGE = YES_ERROR;
				CLANG_WARN_EMPTY_BODY = YES;
				CLANG_WARN_ENUM_CONVERSION = YES;
				CLANG_WARN_INFINITE_RECURSION = YES;
				CLANG_WARN_INT_CONVERSION = YES;
				CLANG_WARN_NON_LITERAL_NULL_CONVERSION = YES;
				CLANG_WARN_OBJC_LITERAL_CONVERSION = YES;
				CLANG_WARN_OBJC_ROOT_CLASS = YES_ERROR;
				CLANG_WARN_RANGE_LOOP_ANALYSIS = YES;
				CLANG_WARN_STRICT_PROTOTYPES = YES;
				CLANG_WARN_SUSPICIOUS_MOVE = YES;
				CLANG_WARN_UNREACHABLE_CODE = YES;
				CLANG_WARN__DUPLICATE_METHOD_MATCH = YES;
				"CODE_SIGN_IDENTITY[sdk=iphoneos*]" = "iPhone Developer";
				COPY_PHASE_STRIP = NO;
				DEBUG_INFORMATION_FORMAT = "dwarf-with-dsym";
				ENABLE_NS_ASSERTIONS = NO;
				ENABLE_STRICT_OBJC_MSGSEND = YES;
				GCC_C_LANGUAGE_STANDARD = gnu99;
				GCC_NO_COMMON_BLOCKS = YES;
				GCC_WARN_64_TO_32_BIT_CONVERSION = YES;
				GCC_WARN_ABOUT_RETURN_TYPE = YES_ERROR;
				GCC_WARN_UNDECLARED_SELECTOR = YES;
				GCC_WARN_UNINITIALIZED_AUTOS = YES_AGGRESSIVE;
				GCC_WARN_UNUSED_FUNCTION = YES;
				GCC_WARN_UNUSED_VARIABLE = YES;
				IPHONEOS_DEPLOYMENT_TARGET = 9.3;
				MTL_ENABLE_DEBUG_INFO = NO;
				SDKROOT = iphoneos;
				SWIFT_OPTIMIZATION_LEVEL = "-Owholemodule";
				VALIDATE_PRODUCT = YES;
			};
			name = Release;
		};
		65435DD51CA626E7007ACE69 /* Debug */ = {
			isa = XCBuildConfiguration;
			buildSettings = {
				ASSETCATALOG_COMPILER_APPICON_NAME = AppIcon;
				CLANG_ENABLE_MODULES = YES;
				CODE_SIGN_IDENTITY = "iPhone Developer";
				FRAMEWORK_SEARCH_PATHS = (
					"$(inherited)",
					"$(PROJECT_DIR)/Conjugation",
				);
				INFOPLIST_FILE = Conjugation/Info.plist;
				IPHONEOS_DEPLOYMENT_TARGET = 10.0;
				LD_RUNPATH_SEARCH_PATHS = "$(inherited) @executable_path/Frameworks";
				PRODUCT_BUNDLE_IDENTIFIER = com.wsandhu.Conjugation;
				PRODUCT_NAME = "$(TARGET_NAME)";
				SWIFT_OPTIMIZATION_LEVEL = "-Onone";
				SWIFT_SWIFT3_OBJC_INFERENCE = On;
				SWIFT_VERSION = 4.0;
				TARGETED_DEVICE_FAMILY = "1,2";
			};
			name = Debug;
		};
		65435DD61CA626E7007ACE69 /* Release */ = {
			isa = XCBuildConfiguration;
			buildSettings = {
				ASSETCATALOG_COMPILER_APPICON_NAME = AppIcon;
				CLANG_ENABLE_MODULES = YES;
				CODE_SIGN_IDENTITY = "iPhone Developer";
				FRAMEWORK_SEARCH_PATHS = (
					"$(inherited)",
					"$(PROJECT_DIR)/Conjugation",
				);
				INFOPLIST_FILE = Conjugation/Info.plist;
				IPHONEOS_DEPLOYMENT_TARGET = 10.0;
				LD_RUNPATH_SEARCH_PATHS = "$(inherited) @executable_path/Frameworks";
				PRODUCT_BUNDLE_IDENTIFIER = com.wsandhu.Conjugation;
				PRODUCT_NAME = "$(TARGET_NAME)";
				SWIFT_SWIFT3_OBJC_INFERENCE = On;
				SWIFT_VERSION = 4.0;
				TARGETED_DEVICE_FAMILY = "1,2";
			};
			name = Release;
		};
		65435DD81CA626E7007ACE69 /* Debug */ = {
			isa = XCBuildConfiguration;
			buildSettings = {
				BUNDLE_LOADER = "$(TEST_HOST)";
				INFOPLIST_FILE = ConjugationTests/Info.plist;
				LD_RUNPATH_SEARCH_PATHS = "$(inherited) @executable_path/Frameworks @loader_path/Frameworks";
				PRODUCT_BUNDLE_IDENTIFIER = com.wsandhu.ConjugationTests;
				PRODUCT_NAME = "$(TARGET_NAME)";
				SWIFT_VERSION = 3.0;
				TEST_HOST = "$(BUILT_PRODUCTS_DIR)/Conjugation.app/Conjugation";
			};
			name = Debug;
		};
		65435DD91CA626E7007ACE69 /* Release */ = {
			isa = XCBuildConfiguration;
			buildSettings = {
				BUNDLE_LOADER = "$(TEST_HOST)";
				INFOPLIST_FILE = ConjugationTests/Info.plist;
				LD_RUNPATH_SEARCH_PATHS = "$(inherited) @executable_path/Frameworks @loader_path/Frameworks";
				PRODUCT_BUNDLE_IDENTIFIER = com.wsandhu.ConjugationTests;
				PRODUCT_NAME = "$(TARGET_NAME)";
				SWIFT_VERSION = 3.0;
				TEST_HOST = "$(BUILT_PRODUCTS_DIR)/Conjugation.app/Conjugation";
			};
			name = Release;
		};
		65435DDB1CA626E7007ACE69 /* Debug */ = {
			isa = XCBuildConfiguration;
			buildSettings = {
				INFOPLIST_FILE = ConjugationUITests/Info.plist;
				LD_RUNPATH_SEARCH_PATHS = "$(inherited) @executable_path/Frameworks @loader_path/Frameworks";
				PRODUCT_BUNDLE_IDENTIFIER = com.wsandhu.ConjugationUITests;
				PRODUCT_NAME = "$(TARGET_NAME)";
				SWIFT_VERSION = 3.0;
				TEST_TARGET_NAME = Conjugation;
			};
			name = Debug;
		};
		65435DDC1CA626E7007ACE69 /* Release */ = {
			isa = XCBuildConfiguration;
			buildSettings = {
				INFOPLIST_FILE = ConjugationUITests/Info.plist;
				LD_RUNPATH_SEARCH_PATHS = "$(inherited) @executable_path/Frameworks @loader_path/Frameworks";
				PRODUCT_BUNDLE_IDENTIFIER = com.wsandhu.ConjugationUITests;
				PRODUCT_NAME = "$(TARGET_NAME)";
				SWIFT_VERSION = 3.0;
				TEST_TARGET_NAME = Conjugation;
			};
			name = Release;
		};
/* End XCBuildConfiguration section */

/* Begin XCConfigurationList section */
		65435DA51CA626E6007ACE69 /* Build configuration list for PBXProject "Conjugation" */ = {
			isa = XCConfigurationList;
			buildConfigurations = (
				65435DD21CA626E7007ACE69 /* Debug */,
				65435DD31CA626E7007ACE69 /* Release */,
			);
			defaultConfigurationIsVisible = 0;
			defaultConfigurationName = Release;
		};
		65435DD41CA626E7007ACE69 /* Build configuration list for PBXNativeTarget "Conjugation" */ = {
			isa = XCConfigurationList;
			buildConfigurations = (
				65435DD51CA626E7007ACE69 /* Debug */,
				65435DD61CA626E7007ACE69 /* Release */,
			);
			defaultConfigurationIsVisible = 0;
			defaultConfigurationName = Release;
		};
		65435DD71CA626E7007ACE69 /* Build configuration list for PBXNativeTarget "ConjugationTests" */ = {
			isa = XCConfigurationList;
			buildConfigurations = (
				65435DD81CA626E7007ACE69 /* Debug */,
				65435DD91CA626E7007ACE69 /* Release */,
			);
			defaultConfigurationIsVisible = 0;
			defaultConfigurationName = Release;
		};
		65435DDA1CA626E7007ACE69 /* Build configuration list for PBXNativeTarget "ConjugationUITests" */ = {
			isa = XCConfigurationList;
			buildConfigurations = (
				65435DDB1CA626E7007ACE69 /* Debug */,
				65435DDC1CA626E7007ACE69 /* Release */,
			);
			defaultConfigurationIsVisible = 0;
			defaultConfigurationName = Release;
		};
/* End XCConfigurationList section */
	};
	rootObject = 65435DA21CA626E6007ACE69 /* Project object */;
}
